
Microsoft Visual Studio Solution File, Format Version 12.00
# Visual Studio Version 17
VisualStudioVersion = 17.5.002.0
MinimumVisualStudioVersion = 10.0.40219.1
Project("{9A19103F-16F7-4668-BE54-9A1E7A4F7556}") = "api", "api\api.csproj", "{FDFE2CD0-CE83-4BD9-B0E2-63548BB429BE}"
EndProject
Project("{2150E333-8FDC-42A3-9474-1A3956D46DE8}") = "Solution Items", "Solution Items", "{B48F25FF-7621-4601-8B61-204F64067EBF}"
	ProjectSection(SolutionItems) = preProject
		.gitignore = .gitignore
		README.md = README.md
		api\swagger.json = api\swagger.json
	EndProjectSection
EndProject
Global
	GlobalSection(SolutionConfigurationPlatforms) = preSolution
		Debug|Any CPU = Debug|Any CPU
		Release|Any CPU = Release|Any CPU
	EndGlobalSection
	GlobalSection(ProjectConfigurationPlatforms) = postSolution
		{FDFE2CD0-CE83-4BD9-B0E2-63548BB429BE}.Debug|Any CPU.ActiveCfg = Debug|Any CPU
		{FDFE2CD0-CE83-4BD9-B0E2-63548BB429BE}.Debug|Any CPU.Build.0 = Debug|Any CPU
		{FDFE2CD0-CE83-4BD9-B0E2-63548BB429BE}.Release|Any CPU.ActiveCfg = Release|Any CPU
		{FDFE2CD0-CE83-4BD9-B0E2-63548BB429BE}.Release|Any CPU.Build.0 = Release|Any CPU
	EndGlobalSection
	GlobalSection(SolutionProperties) = preSolution
		HideSolutionNode = FALSE
	EndGlobalSection
	GlobalSection(ExtensibilityGlobals) = postSolution
		SolutionGuid = {477A8F0C-3E13-4561-82F3-3A95964F275C}
	EndGlobalSection
EndGlobal
